
Microsoft Visual Studio Solution File, Format Version 12.00
# Visual Studio Version 17
VisualStudioVersion = 17.0.32112.339
MinimumVisualStudioVersion = 10.0.40219.1
Project("{FAE04EC0-301F-11D3-BF4B-00C04F79EFBC}") = "API_Authentication_JsonImage", "API_Authentication_JsonImage\API_Authentication_JsonImage.csproj", "{61045D3E-2239-49DA-9841-B3B7D28E961B}"
EndProject
Global
	GlobalSection(SolutionConfigurationPlatforms) = preSolution
		Debug|Any CPU = Debug|Any CPU
		Release|Any CPU = Release|Any CPU
	EndGlobalSection
	GlobalSection(ProjectConfigurationPlatforms) = postSolution
		{61045D3E-2239-49DA-9841-B3B7D28E961B}.Debug|Any CPU.ActiveCfg = Debug|Any CPU
		{61045D3E-2239-49DA-9841-B3B7D28E961B}.Debug|Any CPU.Build.0 = Debug|Any CPU
		{61045D3E-2239-49DA-9841-B3B7D28E961B}.Release|Any CPU.ActiveCfg = Release|Any CPU
		{61045D3E-2239-49DA-9841-B3B7D28E961B}.Release|Any CPU.Build.0 = Release|Any CPU
	EndGlobalSection
	GlobalSection(SolutionProperties) = preSolution
		HideSolutionNode = FALSE
	EndGlobalSection
	GlobalSection(ExtensibilityGlobals) = postSolution
		SolutionGuid = {AB888250-F51A-41FD-9F34-FA5332189531}
	EndGlobalSection
EndGlobal
