
Microsoft Visual Studio Solution File, Format Version 12.00
# Visual Studio Version 17
VisualStudioVersion = 17.0.32112.339
MinimumVisualStudioVersion = 10.0.40219.1
Project("{FAE04EC0-301F-11D3-BF4B-00C04F79EFBC}") = "ConsoleAppDB", "ConsoleAppDB\ConsoleAppDB.csproj", "{431FC3A3-E435-4C33-871B-C1B6FB48E54A}"
EndProject
Global
	GlobalSection(SolutionConfigurationPlatforms) = preSolution
		Debug|Any CPU = Debug|Any CPU
		Release|Any CPU = Release|Any CPU
	EndGlobalSection
	GlobalSection(ProjectConfigurationPlatforms) = postSolution
		{431FC3A3-E435-4C33-871B-C1B6FB48E54A}.Debug|Any CPU.ActiveCfg = Debug|Any CPU
		{431FC3A3-E435-4C33-871B-C1B6FB48E54A}.Debug|Any CPU.Build.0 = Debug|Any CPU
		{431FC3A3-E435-4C33-871B-C1B6FB48E54A}.Release|Any CPU.ActiveCfg = Release|Any CPU
		{431FC3A3-E435-4C33-871B-C1B6FB48E54A}.Release|Any CPU.Build.0 = Release|Any CPU
	EndGlobalSection
	GlobalSection(SolutionProperties) = preSolution
		HideSolutionNode = FALSE
	EndGlobalSection
	GlobalSection(ExtensibilityGlobals) = postSolution
		SolutionGuid = {AA78391A-FF25-4416-ACDA-7DF7B6F0A2F2}
	EndGlobalSection
EndGlobal
